{
  "R": {
    "Version": "4.1.1",
    "Repositories": [
      {
        "Name": "CRAN",
        "URL": "https://cran.rstudio.com"
      }
    ]
  },
  "Packages": {
    "MASS": {
      "Package": "MASS",
      "Version": "7.3-58.1",
      "Source": "Repository",
      "Repository": "CRAN",
      "Hash": "762e1804143a332333c054759f89a706",
      "Requirements": []
    },
    "Matrix": {
      "Package": "Matrix",
      "Version": "1.5-1",
      "Source": "Repository",
      "Repository": "CRAN",
      "Hash": "539dc0c0c05636812f1080f473d2c177",
      "Requirements": [
        "lattice"
      ]
    },
    "Metrics": {
      "Package": "Metrics",
      "Version": "0.1.4",
      "Source": "Repository",
      "Repository": "CRAN",
      "Hash": "1fdc9b3adfe2e2f8f77c22a59cf322ec",
      "Requirements": []
    },
    "PoPS": {
      "Package": "PoPS",
      "Version": "2.0.1",
      "Source": "GitHub",
      "RemoteType": "github",
      "RemoteHost": "api.github.com",
      "RemoteRepo": "rpops",
      "RemoteUsername": "ncsu-landscape-dynamics",
      "RemoteRef": "HEAD",
      "RemoteSha": "a9de363fe68d76f197618573e101b6125416adac",
      "Hash": "18eb83767aa8f313cac65d8cc3a5c930",
      "Requirements": [
        "MASS",
        "Metrics",
        "Rcpp",
        "aws.s3",
        "doParallel",
        "foreach",
        "iterators",
        "landscapemetrics",
        "lubridate",
        "raster",
        "sp",
        "terra"
      ]
    },
    "R6": {
      "Package": "R6",
      "Version": "2.5.1",
      "Source": "Repository",
      "Repository": "CRAN",
      "Hash": "470851b6d5d0ac559e9d01bb352b4021",
      "Requirements": []
    },
    "RColorBrewer": {
      "Package": "RColorBrewer",
      "Version": "1.1-3",
      "Source": "Repository",
      "Repository": "CRAN",
      "Hash": "45f0398006e83a5b10b72a90663d8d8c",
      "Requirements": []
    },
    "Rcpp": {
      "Package": "Rcpp",
      "Version": "1.0.9",
      "Source": "Repository",
      "Repository": "CRAN",
      "Hash": "e9c08b94391e9f3f97355841229124f2",
      "Requirements": []
    },
    "RcppArmadillo": {
      "Package": "RcppArmadillo",
      "Version": "0.11.4.0.1",
      "Source": "Repository",
      "Repository": "CRAN",
      "Hash": "411952f0aca6398392dad34f225753b9",
      "Requirements": [
        "Rcpp"
      ]
    },
    "askpass": {
      "Package": "askpass",
      "Version": "1.1",
      "Source": "Repository",
      "Repository": "CRAN",
      "Hash": "e8a22846fff485f0be3770c2da758713",
      "Requirements": [
        "sys"
      ]
    },
    "aws.s3": {
      "Package": "aws.s3",
      "Version": "0.3.21",
      "Source": "Repository",
      "Repository": "CRAN",
      "Hash": "a0b873f71741bba67e3bc128d8f09fe3",
      "Requirements": [
        "aws.signature",
        "base64enc",
        "curl",
        "digest",
        "httr",
        "xml2"
      ]
    },
    "aws.signature": {
      "Package": "aws.signature",
      "Version": "0.6.0",
      "Source": "Repository",
      "Repository": "CRAN",
      "Hash": "0006bcef272aad12f78dd5a85fc7f4fc",
      "Requirements": [
        "base64enc",
        "digest"
      ]
    },
    "base64enc": {
      "Package": "base64enc",
      "Version": "0.1-3",
      "Source": "Repository",
      "Repository": "CRAN",
      "Hash": "543776ae6848fde2f48ff3816d0628bc",
      "Requirements": []
    },
    "cli": {
      "Package": "cli",
      "Version": "3.4.1",
      "Source": "Repository",
      "Repository": "CRAN",
      "Hash": "0d297d01734d2bcea40197bd4971a764",
      "Requirements": []
    },
    "codetools": {
      "Package": "codetools",
      "Version": "0.2-18",
      "Source": "Repository",
      "Repository": "CRAN",
      "Hash": "019388fc48e48b3da0d3a76ff94608a8",
      "Requirements": []
    },
    "colorspace": {
      "Package": "colorspace",
      "Version": "2.0-3",
      "Source": "Repository",
      "Repository": "CRAN",
      "Hash": "bb4341986bc8b914f0f0acf2e4a3f2f7",
      "Requirements": []
    },
    "cpp11": {
      "Package": "cpp11",
      "Version": "0.4.2",
      "Source": "Repository",
      "Repository": "CRAN",
      "Hash": "fa53ce256cd280f468c080a58ea5ba8c",
      "Requirements": []
    },
    "curl": {
      "Package": "curl",
      "Version": "4.3.2",
      "Source": "Repository",
      "Repository": "CRAN",
      "Hash": "022c42d49c28e95d69ca60446dbabf88",
      "Requirements": []
    },
    "digest": {
      "Package": "digest",
      "Version": "0.6.29",
      "Source": "Repository",
      "Repository": "CRAN",
      "Hash": "cf6b206a045a684728c3267ef7596190",
      "Requirements": []
    },
    "doParallel": {
      "Package": "doParallel",
      "Version": "1.0.17",
      "Source": "Repository",
      "Repository": "CRAN",
      "Hash": "451e5edf411987991ab6a5410c45011f",
      "Requirements": [
        "foreach",
        "iterators"
      ]
    },
    "fansi": {
      "Package": "fansi",
      "Version": "1.0.3",
      "Source": "Repository",
      "Repository": "CRAN",
      "Hash": "83a8afdbe71839506baa9f90eebad7ec",
      "Requirements": []
    },
    "farver": {
      "Package": "farver",
      "Version": "2.1.1",
      "Source": "Repository",
      "Repository": "CRAN",
      "Hash": "8106d78941f34855c440ddb946b8f7a5",
      "Requirements": []
    },
    "folderfun": {
      "Package": "folderfun",
      "Version": "0.1.4",
      "Source": "Repository",
      "Repository": "CRAN",
      "Hash": "3248bd3f79d030b5034787c531ec582e",
      "Requirements": []
    },
    "foreach": {
      "Package": "foreach",
      "Version": "1.5.2",
      "Source": "Repository",
      "Repository": "CRAN",
      "Hash": "618609b42c9406731ead03adf5379850",
      "Requirements": [
        "codetools",
        "iterators"
      ]
    },
    "generics": {
      "Package": "generics",
      "Version": "0.1.3",
      "Source": "Repository",
      "Repository": "CRAN",
      "Hash": "15e9634c0fcd294799e9b2e929ed1b86",
      "Requirements": []
    },
    "ggplot2": {
      "Package": "ggplot2",
      "Version": "3.3.6",
      "Source": "Repository",
      "Repository": "CRAN",
      "Hash": "0fb26d0674c82705c6b701d1a61e02ea",
      "Requirements": [
        "MASS",
        "digest",
        "glue",
        "gtable",
        "isoband",
        "mgcv",
        "rlang",
        "scales",
        "tibble",
        "withr"
      ]
    },
    "glue": {
      "Package": "glue",
      "Version": "1.6.2",
      "Source": "Repository",
      "Repository": "CRAN",
      "Hash": "4f2596dfb05dac67b9dc558e5c6fba2e",
      "Requirements": []
    },
    "gtable": {
      "Package": "gtable",
      "Version": "0.3.1",
      "Source": "Repository",
      "Repository": "CRAN",
      "Hash": "36b4265fb818f6a342bed217549cd896",
      "Requirements": []
    },
    "httr": {
      "Package": "httr",
      "Version": "1.4.4",
      "Source": "Repository",
      "Repository": "CRAN",
      "Hash": "57557fac46471f0dbbf44705cc6a5c8c",
      "Requirements": [
        "R6",
        "curl",
        "jsonlite",
        "mime",
        "openssl"
      ]
    },
    "isoband": {
      "Package": "isoband",
      "Version": "0.2.5",
      "Source": "Repository",
      "Repository": "CRAN",
      "Hash": "7ab57a6de7f48a8dc84910d1eca42883",
      "Requirements": []
    },
    "iterators": {
      "Package": "iterators",
      "Version": "1.0.14",
      "Source": "Repository",
      "Repository": "CRAN",
      "Hash": "8954069286b4b2b0d023d1b288dce978",
      "Requirements": []
    },
    "jsonlite": {
      "Package": "jsonlite",
      "Version": "1.8.2",
      "Source": "Repository",
      "Repository": "CRAN",
      "Hash": "2e7ed071fd6bd047fe2366d3adf4fe46",
      "Requirements": []
    },
    "labeling": {
      "Package": "labeling",
      "Version": "0.4.2",
      "Source": "Repository",
      "Repository": "CRAN",
      "Hash": "3d5108641f47470611a32d0bdf357a72",
      "Requirements": []
    },
    "landscapemetrics": {
      "Package": "landscapemetrics",
      "Version": "1.5.4",
      "Source": "Repository",
      "Repository": "CRAN",
      "Hash": "6bc738a6e5408d361ea0c2d7d8cc4af9",
      "Requirements": [
        "Rcpp",
        "RcppArmadillo",
        "cli",
        "ggplot2",
        "raster",
        "sp",
        "tibble"
      ]
    },
    "lattice": {
      "Package": "lattice",
      "Version": "0.20-45",
      "Source": "Repository",
      "Repository": "CRAN",
      "Hash": "b64cdbb2b340437c4ee047a1f4c4377b",
      "Requirements": []
    },
    "lifecycle": {
      "Package": "lifecycle",
      "Version": "1.0.2",
      "Source": "Repository",
      "Repository": "CRAN",
      "Hash": "25f74670fa7d3277fe3ad8c1712a699f",
      "Requirements": [
        "glue",
        "rlang"
      ]
    },
    "lubridate": {
      "Package": "lubridate",
      "Version": "1.8.0",
      "Source": "Repository",
      "Repository": "CRAN",
      "Hash": "2ff5eedb6ee38fb1b81205c73be1be5a",
      "Requirements": [
        "cpp11",
        "generics"
      ]
    },
    "magrittr": {
      "Package": "magrittr",
      "Version": "2.0.3",
      "Source": "Repository",
      "Repository": "CRAN",
      "Hash": "7ce2733a9826b3aeb1775d56fd305472",
      "Requirements": []
    },
    "mgcv": {
      "Package": "mgcv",
      "Version": "1.8-41",
      "Source": "Repository",
      "Repository": "CRAN",
      "Hash": "6b3904f13346742caa3e82dd0303d4ad",
      "Requirements": [
        "Matrix",
        "nlme"
      ]
    },
    "mime": {
      "Package": "mime",
      "Version": "0.12",
      "Source": "Repository",
      "Repository": "CRAN",
      "Hash": "18e9c28c1d3ca1560ce30658b22ce104",
      "Requirements": []
    },
    "munsell": {
      "Package": "munsell",
      "Version": "0.5.0",
      "Source": "Repository",
      "Repository": "CRAN",
      "Hash": "6dfe8bf774944bd5595785e3229d8771",
      "Requirements": [
        "colorspace"
      ]
    },
    "nlme": {
      "Package": "nlme",
      "Version": "3.1-160",
      "Source": "Repository",
      "Repository": "CRAN",
      "Hash": "02e3c6e7df163aafa8477225e6827bc5",
      "Requirements": [
        "lattice"
      ]
    },
    "openssl": {
      "Package": "openssl",
      "Version": "2.0.3",
      "Source": "Repository",
      "Repository": "CRAN",
      "Hash": "b9621e75c0652041002a19609fb23c5a",
      "Requirements": [
        "askpass"
      ]
    },
    "pillar": {
      "Package": "pillar",
      "Version": "1.8.1",
      "Source": "Repository",
      "Repository": "CRAN",
      "Hash": "f2316df30902c81729ae9de95ad5a608",
      "Requirements": [
        "cli",
        "fansi",
        "glue",
        "lifecycle",
        "rlang",
        "utf8",
        "vctrs"
      ]
    },
    "pkgconfig": {
      "Package": "pkgconfig",
      "Version": "2.0.3",
      "Source": "Repository",
      "Repository": "CRAN",
      "Hash": "01f28d4278f15c76cddbea05899c5d6f",
      "Requirements": []
    },
    "raster": {
      "Package": "raster",
      "Version": "3.6-3",
      "Source": "Repository",
      "Repository": "CRAN",
      "Hash": "d550f9d6dbb4dce7cbd146b09d663343",
      "Requirements": [
        "Rcpp",
        "sp",
        "terra"
      ]
    },
    "renv": {
      "Package": "renv",
      "Version": "0.16.0",
      "Source": "Repository",
      "Repository": "CRAN",
      "Hash": "c9e8442ab69bc21c9697ecf856c1e6c7",
      "Requirements": []
    },
    "rlang": {
      "Package": "rlang",
      "Version": "1.0.6",
      "Source": "Repository",
      "Repository": "CRAN",
      "Hash": "4ed1f8336c8d52c3e750adcdc57228a7",
      "Requirements": []
    },
    "scales": {
      "Package": "scales",
      "Version": "1.2.1",
      "Source": "Repository",
      "Repository": "CRAN",
      "Hash": "906cb23d2f1c5680b8ce439b44c6fa63",
      "Requirements": [
        "R6",
        "RColorBrewer",
        "farver",
        "labeling",
        "lifecycle",
        "munsell",
        "rlang",
        "viridisLite"
      ]
    },
    "sp": {
      "Package": "sp",
      "Version": "1.5-0",
      "Source": "Repository",
      "Repository": "CRAN",
      "Hash": "2a118bdd2db0a301711e0a9e3e3206d5",
      "Requirements": [
        "lattice"
      ]
    },
    "sys": {
      "Package": "sys",
      "Version": "3.4",
      "Source": "Repository",
      "Repository": "CRAN",
      "Hash": "b227d13e29222b4574486cfcbde077fa",
      "Requirements": []
    },
    "terra": {
      "Package": "terra",
      "Version": "1.6-17",
      "Source": "Repository",
      "Repository": "CRAN",
      "Hash": "3e264754dde87261bc7ccdb30d29d3b4",
      "Requirements": [
        "Rcpp"
      ]
    },
    "tibble": {
      "Package": "tibble",
      "Version": "3.1.8",
      "Source": "Repository",
      "Repository": "CRAN",
      "Hash": "56b6934ef0f8c68225949a8672fe1a8f",
      "Requirements": [
        "fansi",
        "lifecycle",
        "magrittr",
        "pillar",
        "pkgconfig",
        "rlang",
        "vctrs"
      ]
    },
    "utf8": {
      "Package": "utf8",
      "Version": "1.2.2",
      "Source": "Repository",
      "Repository": "CRAN",
      "Hash": "c9c462b759a5cc844ae25b5942654d13",
      "Requirements": []
    },
    "vctrs": {
      "Package": "vctrs",
      "Version": "0.4.2",
      "Source": "Repository",
      "Repository": "CRAN",
      "Hash": "0e3dfc070b2a8f0478fcdf86fb33355d",
      "Requirements": [
        "cli",
        "glue",
        "rlang"
      ]
    },
    "viridisLite": {
      "Package": "viridisLite",
      "Version": "0.4.1",
      "Source": "Repository",
      "Repository": "CRAN",
      "Hash": "62f4b5da3e08d8e5bcba6cac15603f70",
      "Requirements": []
    },
    "withr": {
      "Package": "withr",
      "Version": "2.5.0",
      "Source": "Repository",
      "Repository": "CRAN",
      "Hash": "c0e49a9760983e81e55cdd9be92e7182",
      "Requirements": []
    },
    "xml2": {
      "Package": "xml2",
      "Version": "1.3.3",
      "Source": "Repository",
      "Repository": "CRAN",
      "Hash": "40682ed6a969ea5abfd351eb67833adc",
      "Requirements": []
    }
  }
}
